Microsoft Visual Studio Solution File, Format Version 12.00
# Visual Studio 14
Project("{8BC9CEB8-8B4A-11D0-8D11-00A0C91BC942}") = "ALL_BUILD", "ALL_BUILD.vcxproj", "{5C0ACE97-0250-3303-8011-EF396075A586}"
	ProjectSection(ProjectDependencies) = postProject
		{974FF075-ADF6-3C1C-994A-E8417BC04579} = {974FF075-ADF6-3C1C-994A-E8417BC04579}
		{D90D22F4-D8A8-3ACB-AFD5-F9E7F6B3A8FE} = {D90D22F4-D8A8-3ACB-AFD5-F9E7F6B3A8FE}
		{893AAA59-02A9-3730-AF73-FE9D1637DE3D} = {893AAA59-02A9-3730-AF73-FE9D1637DE3D}
		{7DDF580C-FD44-3EE5-B64E-6FD4C7FB27AE} = {7DDF580C-FD44-3EE5-B64E-6FD4C7FB27AE}
		{F31927CC-FE4F-3714-9515-9E1D076C4F7A} = {F31927CC-FE4F-3714-9515-9E1D076C4F7A}
		{7E5E623D-EB01-336B-BF87-46835F655FC2} = {7E5E623D-EB01-336B-BF87-46835F655FC2}
		{F9493169-FF07-3AD2-AB79-84ADFE6A5F22} = {F9493169-FF07-3AD2-AB79-84ADFE6A5F22}
		{B9D9BE5D-1280-35E1-B130-2795D3836FCF} = {B9D9BE5D-1280-35E1-B130-2795D3836FCF}
		{382D194F-CD26-36E1-8D2D-5E1E871A5947} = {382D194F-CD26-36E1-8D2D-5E1E871A5947}
		{4A2B2D1D-2DD0-332D-A9E3-0A93A8182F13} = {4A2B2D1D-2DD0-332D-A9E3-0A93A8182F13}
		{1DFB8B69-C167-31C5-BA39-0B871D555B23} = {1DFB8B69-C167-31C5-BA39-0B871D555B23}
		{8B1CC861-3770-3080-905B-2670ABEA1F25} = {8B1CC861-3770-3080-905B-2670ABEA1F25}
		{260F47F3-661D-3849-8136-9F89391E76F9} = {260F47F3-661D-3849-8136-9F89391E76F9}
	EndProjectSection
EndProject
Project("{8BC9CEB8-8B4A-11D0-8D11-00A0C91BC942}") = "ZERO_CHECK", "ZERO_CHECK.vcxproj", "{974FF075-ADF6-3C1C-994A-E8417BC04579}"
	ProjectSection(ProjectDependencies) = postProject
	EndProjectSection
EndProject
Project("{8BC9CEB8-8B4A-11D0-8D11-00A0C91BC942}") = "fast", "pm_test\fast.vcxproj", "{D90D22F4-D8A8-3ACB-AFD5-F9E7F6B3A8FE}"
	ProjectSection(ProjectDependencies) = postProject
		{974FF075-ADF6-3C1C-994A-E8417BC04579} = {974FF075-ADF6-3C1C-994A-E8417BC04579}
		{4A2B2D1D-2DD0-332D-A9E3-0A93A8182F13} = {4A2B2D1D-2DD0-332D-A9E3-0A93A8182F13}
	EndProjectSection
EndProject
Project("{8BC9CEB8-8B4A-11D0-8D11-00A0C91BC942}") = "latency", "pm_test\latency.vcxproj", "{893AAA59-02A9-3730-AF73-FE9D1637DE3D}"
	ProjectSection(ProjectDependencies) = postProject
		{974FF075-ADF6-3C1C-994A-E8417BC04579} = {974FF075-ADF6-3C1C-994A-E8417BC04579}
		{4A2B2D1D-2DD0-332D-A9E3-0A93A8182F13} = {4A2B2D1D-2DD0-332D-A9E3-0A93A8182F13}
	EndProjectSection
EndProject
Project("{8BC9CEB8-8B4A-11D0-8D11-00A0C91BC942}") = "midiclock", "pm_test\midiclock.vcxproj", "{7DDF580C-FD44-3EE5-B64E-6FD4C7FB27AE}"
	ProjectSection(ProjectDependencies) = postProject
		{974FF075-ADF6-3C1C-994A-E8417BC04579} = {974FF075-ADF6-3C1C-994A-E8417BC04579}
		{4A2B2D1D-2DD0-332D-A9E3-0A93A8182F13} = {4A2B2D1D-2DD0-332D-A9E3-0A93A8182F13}
	EndProjectSection
EndProject
Project("{8BC9CEB8-8B4A-11D0-8D11-00A0C91BC942}") = "midithread", "pm_test\midithread.vcxproj", "{F31927CC-FE4F-3714-9515-9E1D076C4F7A}"
	ProjectSection(ProjectDependencies) = postProject
		{974FF075-ADF6-3C1C-994A-E8417BC04579} = {974FF075-ADF6-3C1C-994A-E8417BC04579}
		{4A2B2D1D-2DD0-332D-A9E3-0A93A8182F13} = {4A2B2D1D-2DD0-332D-A9E3-0A93A8182F13}
	EndProjectSection
EndProject
Project("{8BC9CEB8-8B4A-11D0-8D11-00A0C91BC942}") = "midithru", "pm_test\midithru.vcxproj", "{7E5E623D-EB01-336B-BF87-46835F655FC2}"
	ProjectSection(ProjectDependencies) = postProject
		{974FF075-ADF6-3C1C-994A-E8417BC04579} = {974FF075-ADF6-3C1C-994A-E8417BC04579}
		{4A2B2D1D-2DD0-332D-A9E3-0A93A8182F13} = {4A2B2D1D-2DD0-332D-A9E3-0A93A8182F13}
	EndProjectSection
EndProject
Project("{8BC9CEB8-8B4A-11D0-8D11-00A0C91BC942}") = "mm", "pm_test\mm.vcxproj", "{F9493169-FF07-3AD2-AB79-84ADFE6A5F22}"
	ProjectSection(ProjectDependencies) = postProject
		{974FF075-ADF6-3C1C-994A-E8417BC04579} = {974FF075-ADF6-3C1C-994A-E8417BC04579}
		{4A2B2D1D-2DD0-332D-A9E3-0A93A8182F13} = {4A2B2D1D-2DD0-332D-A9E3-0A93A8182F13}
	EndProjectSection
EndProject
Project("{8BC9CEB8-8B4A-11D0-8D11-00A0C91BC942}") = "pmjni", "pm_common\pmjni.vcxproj", "{B9D9BE5D-1280-35E1-B130-2795D3836FCF}"
	ProjectSection(ProjectDependencies) = postProject
		{974FF075-ADF6-3C1C-994A-E8417BC04579} = {974FF075-ADF6-3C1C-994A-E8417BC04579}
	EndProjectSection
EndProject
Project("{8BC9CEB8-8B4A-11D0-8D11-00A0C91BC942}") = "portmidi-dynamic", "pm_dylib\portmidi-dynamic.vcxproj", "{382D194F-CD26-36E1-8D2D-5E1E871A5947}"
	ProjectSection(ProjectDependencies) = postProject
		{974FF075-ADF6-3C1C-994A-E8417BC04579} = {974FF075-ADF6-3C1C-994A-E8417BC04579}
	EndProjectSection
EndProject
Project("{8BC9CEB8-8B4A-11D0-8D11-00A0C91BC942}") = "portmidi-static", "pm_common\portmidi-static.vcxproj", "{4A2B2D1D-2DD0-332D-A9E3-0A93A8182F13}"
	ProjectSection(ProjectDependencies) = postProject
		{974FF075-ADF6-3C1C-994A-E8417BC04579} = {974FF075-ADF6-3C1C-994A-E8417BC04579}
	EndProjectSection
EndProject
Project("{8BC9CEB8-8B4A-11D0-8D11-00A0C91BC942}") = "qtest", "pm_test\qtest.vcxproj", "{1DFB8B69-C167-31C5-BA39-0B871D555B23}"
	ProjectSection(ProjectDependencies) = postProject
		{974FF075-ADF6-3C1C-994A-E8417BC04579} = {974FF075-ADF6-3C1C-994A-E8417BC04579}
		{4A2B2D1D-2DD0-332D-A9E3-0A93A8182F13} = {4A2B2D1D-2DD0-332D-A9E3-0A93A8182F13}
	EndProjectSection
EndProject
Project("{8BC9CEB8-8B4A-11D0-8D11-00A0C91BC942}") = "sysex", "pm_test\sysex.vcxproj", "{8B1CC861-3770-3080-905B-2670ABEA1F25}"
	ProjectSection(ProjectDependencies) = postProject
		{974FF075-ADF6-3C1C-994A-E8417BC04579} = {974FF075-ADF6-3C1C-994A-E8417BC04579}
		{4A2B2D1D-2DD0-332D-A9E3-0A93A8182F13} = {4A2B2D1D-2DD0-332D-A9E3-0A93A8182F13}
	EndProjectSection
EndProject
Project("{8BC9CEB8-8B4A-11D0-8D11-00A0C91BC942}") = "test", "pm_test\test.vcxproj", "{260F47F3-661D-3849-8136-9F89391E76F9}"
	ProjectSection(ProjectDependencies) = postProject
		{974FF075-ADF6-3C1C-994A-E8417BC04579} = {974FF075-ADF6-3C1C-994A-E8417BC04579}
		{4A2B2D1D-2DD0-332D-A9E3-0A93A8182F13} = {4A2B2D1D-2DD0-332D-A9E3-0A93A8182F13}
	EndProjectSection
EndProject
Global
	GlobalSection(SolutionConfigurationPlatforms) = preSolution
		Debug|x64 = Debug|x64
		Release|x64 = Release|x64
	EndGlobalSection
	GlobalSection(ProjectConfigurationPlatforms) = postSolution
		{5C0ACE97-0250-3303-8011-EF396075A586}.Debug|x64.ActiveCfg = Debug|x64
		{5C0ACE97-0250-3303-8011-EF396075A586}.Release|x64.ActiveCfg = Release|x64
		{974FF075-ADF6-3C1C-994A-E8417BC04579}.Debug|x64.ActiveCfg = Debug|x64
		{974FF075-ADF6-3C1C-994A-E8417BC04579}.Debug|x64.Build.0 = Debug|x64
		{974FF075-ADF6-3C1C-994A-E8417BC04579}.Release|x64.ActiveCfg = Release|x64
		{974FF075-ADF6-3C1C-994A-E8417BC04579}.Release|x64.Build.0 = Release|x64
		{D90D22F4-D8A8-3ACB-AFD5-F9E7F6B3A8FE}.Debug|x64.ActiveCfg = Debug|x64
		{D90D22F4-D8A8-3ACB-AFD5-F9E7F6B3A8FE}.Debug|x64.Build.0 = Debug|x64
		{D90D22F4-D8A8-3ACB-AFD5-F9E7F6B3A8FE}.Release|x64.ActiveCfg = Release|x64
		{D90D22F4-D8A8-3ACB-AFD5-F9E7F6B3A8FE}.Release|x64.Build.0 = Release|x64
		{893AAA59-02A9-3730-AF73-FE9D1637DE3D}.Debug|x64.ActiveCfg = Debug|x64
		{893AAA59-02A9-3730-AF73-FE9D1637DE3D}.Debug|x64.Build.0 = Debug|x64
		{893AAA59-02A9-3730-AF73-FE9D1637DE3D}.Release|x64.ActiveCfg = Release|x64
		{893AAA59-02A9-3730-AF73-FE9D1637DE3D}.Release|x64.Build.0 = Release|x64
		{7DDF580C-FD44-3EE5-B64E-6FD4C7FB27AE}.Debug|x64.ActiveCfg = Debug|x64
		{7DDF580C-FD44-3EE5-B64E-6FD4C7FB27AE}.Debug|x64.Build.0 = Debug|x64
		{7DDF580C-FD44-3EE5-B64E-6FD4C7FB27AE}.Release|x64.ActiveCfg = Release|x64
		{7DDF580C-FD44-3EE5-B64E-6FD4C7FB27AE}.Release|x64.Build.0 = Release|x64
		{F31927CC-FE4F-3714-9515-9E1D076C4F7A}.Debug|x64.ActiveCfg = Debug|x64
		{F31927CC-FE4F-3714-9515-9E1D076C4F7A}.Debug|x64.Build.0 = Debug|x64
		{F31927CC-FE4F-3714-9515-9E1D076C4F7A}.Release|x64.ActiveCfg = Release|x64
		{F31927CC-FE4F-3714-9515-9E1D076C4F7A}.Release|x64.Build.0 = Release|x64
		{7E5E623D-EB01-336B-BF87-46835F655FC2}.Debug|x64.ActiveCfg = Debug|x64
		{7E5E623D-EB01-336B-BF87-46835F655FC2}.Debug|x64.Build.0 = Debug|x64
		{7E5E623D-EB01-336B-BF87-46835F655FC2}.Release|x64.ActiveCfg = Release|x64
		{7E5E623D-EB01-336B-BF87-46835F655FC2}.Release|x64.Build.0 = Release|x64
		{F9493169-FF07-3AD2-AB79-84ADFE6A5F22}.Debug|x64.ActiveCfg = Debug|x64
		{F9493169-FF07-3AD2-AB79-84ADFE6A5F22}.Debug|x64.Build.0 = Debug|x64
		{F9493169-FF07-3AD2-AB79-84ADFE6A5F22}.Release|x64.ActiveCfg = Release|x64
		{F9493169-FF07-3AD2-AB79-84ADFE6A5F22}.Release|x64.Build.0 = Release|x64
		{B9D9BE5D-1280-35E1-B130-2795D3836FCF}.Debug|x64.ActiveCfg = Debug|x64
		{B9D9BE5D-1280-35E1-B130-2795D3836FCF}.Debug|x64.Build.0 = Debug|x64
		{B9D9BE5D-1280-35E1-B130-2795D3836FCF}.Release|x64.ActiveCfg = Release|x64
		{B9D9BE5D-1280-35E1-B130-2795D3836FCF}.Release|x64.Build.0 = Release|x64
		{382D194F-CD26-36E1-8D2D-5E1E871A5947}.Debug|x64.ActiveCfg = Debug|x64
		{382D194F-CD26-36E1-8D2D-5E1E871A5947}.Debug|x64.Build.0 = Debug|x64
		{382D194F-CD26-36E1-8D2D-5E1E871A5947}.Release|x64.ActiveCfg = Release|x64
		{382D194F-CD26-36E1-8D2D-5E1E871A5947}.Release|x64.Build.0 = Release|x64
		{4A2B2D1D-2DD0-332D-A9E3-0A93A8182F13}.Debug|x64.ActiveCfg = Debug|x64
		{4A2B2D1D-2DD0-332D-A9E3-0A93A8182F13}.Debug|x64.Build.0 = Debug|x64
		{4A2B2D1D-2DD0-332D-A9E3-0A93A8182F13}.Release|x64.ActiveCfg = Release|x64
		{4A2B2D1D-2DD0-332D-A9E3-0A93A8182F13}.Release|x64.Build.0 = Release|x64
		{1DFB8B69-C167-31C5-BA39-0B871D555B23}.Debug|x64.ActiveCfg = Debug|x64
		{1DFB8B69-C167-31C5-BA39-0B871D555B23}.Debug|x64.Build.0 = Debug|x64
		{1DFB8B69-C167-31C5-BA39-0B871D555B23}.Release|x64.ActiveCfg = Release|x64
		{1DFB8B69-C167-31C5-BA39-0B871D555B23}.Release|x64.Build.0 = Release|x64
		{8B1CC861-3770-3080-905B-2670ABEA1F25}.Debug|x64.ActiveCfg = Debug|x64
		{8B1CC861-3770-3080-905B-2670ABEA1F25}.Debug|x64.Build.0 = Debug|x64
		{8B1CC861-3770-3080-905B-2670ABEA1F25}.Release|x64.ActiveCfg = Release|x64
		{8B1CC861-3770-3080-905B-2670ABEA1F25}.Release|x64.Build.0 = Release|x64
		{260F47F3-661D-3849-8136-9F89391E76F9}.Debug|x64.ActiveCfg = Debug|x64
		{260F47F3-661D-3849-8136-9F89391E76F9}.Debug|x64.Build.0 = Debug|x64
		{260F47F3-661D-3849-8136-9F89391E76F9}.Release|x64.ActiveCfg = Release|x64
		{260F47F3-661D-3849-8136-9F89391E76F9}.Release|x64.Build.0 = Release|x64
	EndGlobalSection
	GlobalSection(ExtensibilityGlobals) = postSolution
	EndGlobalSection
	GlobalSection(ExtensibilityAddIns) = postSolution
	EndGlobalSection
EndGlobal
