
Microsoft Visual Studio Solution File, Format Version 10.00
# Visual Studio 2008
Project("{8BC9CEB8-8B4A-11D0-8D11-00A0C91BC942}") = "PortMidi", "portmidi-VC9.vcproj", "{33E3B196-B9F4-4D0A-85E1-31C7BBD4967A}"
	ProjectSection(ProjectDependencies) = postProject
		{338224B8-D575-408D-BACF-95C557B429BE} = {338224B8-D575-408D-BACF-95C557B429BE}
	EndProjectSection
EndProject
Project("{8BC9CEB8-8B4A-11D0-8D11-00A0C91BC942}") = "PortTime", "porttime\porttime-VC9.vcproj", "{338224B8-D575-408D-BACF-95C557B429BE}"
EndProject
Project("{8BC9CEB8-8B4A-11D0-8D11-00A0C91BC942}") = "Latency", "pm_test\latency-VC9.vcproj", "{EDC3A027-917B-4D23-AE70-73C409B47F85}"
	ProjectSection(ProjectDependencies) = postProject
		{33E3B196-B9F4-4D0A-85E1-31C7BBD4967A} = {33E3B196-B9F4-4D0A-85E1-31C7BBD4967A}
		{338224B8-D575-408D-BACF-95C557B429BE} = {338224B8-D575-408D-BACF-95C557B429BE}
	EndProjectSection
EndProject
Project("{8BC9CEB8-8B4A-11D0-8D11-00A0C91BC942}") = "MidiThread", "pm_test\midithread-VC9.vcproj", "{4E555AA6-B348-41C9-A685-0B76149BBBAF}"
	ProjectSection(ProjectDependencies) = postProject
		{33E3B196-B9F4-4D0A-85E1-31C7BBD4967A} = {33E3B196-B9F4-4D0A-85E1-31C7BBD4967A}
		{338224B8-D575-408D-BACF-95C557B429BE} = {338224B8-D575-408D-BACF-95C557B429BE}
	EndProjectSection
EndProject
Project("{8BC9CEB8-8B4A-11D0-8D11-00A0C91BC942}") = "MidiThru", "pm_test\midithru-VC9.vcproj", "{B4B4240D-7022-4C47-838F-913B4878E938}"
	ProjectSection(ProjectDependencies) = postProject
		{33E3B196-B9F4-4D0A-85E1-31C7BBD4967A} = {33E3B196-B9F4-4D0A-85E1-31C7BBD4967A}
		{338224B8-D575-408D-BACF-95C557B429BE} = {338224B8-D575-408D-BACF-95C557B429BE}
	EndProjectSection
EndProject
Project("{8BC9CEB8-8B4A-11D0-8D11-00A0C91BC942}") = "Sysex", "pm_test\sysex-VC9.vcproj", "{300F59F8-5E94-492B-A899-0EB2B1140E20}"
	ProjectSection(ProjectDependencies) = postProject
		{33E3B196-B9F4-4D0A-85E1-31C7BBD4967A} = {33E3B196-B9F4-4D0A-85E1-31C7BBD4967A}
		{338224B8-D575-408D-BACF-95C557B429BE} = {338224B8-D575-408D-BACF-95C557B429BE}
	EndProjectSection
EndProject
Project("{8BC9CEB8-8B4A-11D0-8D11-00A0C91BC942}") = "Test", "pm_test\test-VC9.vcproj", "{49FA3196-A8F8-4E22-98C3-F3A5197CD06D}"
	ProjectSection(ProjectDependencies) = postProject
		{33E3B196-B9F4-4D0A-85E1-31C7BBD4967A} = {33E3B196-B9F4-4D0A-85E1-31C7BBD4967A}
		{338224B8-D575-408D-BACF-95C557B429BE} = {338224B8-D575-408D-BACF-95C557B429BE}
	EndProjectSection
EndProject
Project("{8BC9CEB8-8B4A-11D0-8D11-00A0C91BC942}") = "QTest", "pm_test\qtest-VC9.vcproj", "{8C30CCF4-0D5F-4CC0-9EF3-76D491B829DF}"
	ProjectSection(ProjectDependencies) = postProject
		{33E3B196-B9F4-4D0A-85E1-31C7BBD4967A} = {33E3B196-B9F4-4D0A-85E1-31C7BBD4967A}
	EndProjectSection
EndProject
Project("{8BC9CEB8-8B4A-11D0-8D11-00A0C91BC942}") = "MidiMonitor", "pm_test\mm-VC9.vcproj", "{2FC1D7B8-E434-4D6F-A50D-AB262C825BCD}"
	ProjectSection(ProjectDependencies) = postProject
		{33E3B196-B9F4-4D0A-85E1-31C7BBD4967A} = {33E3B196-B9F4-4D0A-85E1-31C7BBD4967A}
	EndProjectSection
EndProject
Global
	GlobalSection(SolutionConfigurationPlatforms) = preSolution
		Debug VC9|Win32 = Debug VC9|Win32
		Release VC9|Win32 = Release VC9|Win32
	EndGlobalSection
	GlobalSection(ProjectConfigurationPlatforms) = postSolution
		{33E3B196-B9F4-4D0A-85E1-31C7BBD4967A}.Debug VC9|Win32.ActiveCfg = Debug VC9|Win32
		{33E3B196-B9F4-4D0A-85E1-31C7BBD4967A}.Debug VC9|Win32.Build.0 = Debug VC9|Win32
		{33E3B196-B9F4-4D0A-85E1-31C7BBD4967A}.Release VC9|Win32.ActiveCfg = Release VC9|Win32
		{33E3B196-B9F4-4D0A-85E1-31C7BBD4967A}.Release VC9|Win32.Build.0 = Release VC9|Win32
		{338224B8-D575-408D-BACF-95C557B429BE}.Debug VC9|Win32.ActiveCfg = Debug VC9|Win32
		{338224B8-D575-408D-BACF-95C557B429BE}.Debug VC9|Win32.Build.0 = Debug VC9|Win32
		{338224B8-D575-408D-BACF-95C557B429BE}.Release VC9|Win32.ActiveCfg = Release VC9|Win32
		{338224B8-D575-408D-BACF-95C557B429BE}.Release VC9|Win32.Build.0 = Release VC9|Win32
		{EDC3A027-917B-4D23-AE70-73C409B47F85}.Debug VC9|Win32.ActiveCfg = Latency Debug VC9|Win32
		{EDC3A027-917B-4D23-AE70-73C409B47F85}.Debug VC9|Win32.Build.0 = Latency Debug VC9|Win32
		{EDC3A027-917B-4D23-AE70-73C409B47F85}.Release VC9|Win32.ActiveCfg = Latency Release VC9|Win32
		{EDC3A027-917B-4D23-AE70-73C409B47F85}.Release VC9|Win32.Build.0 = Latency Release VC9|Win32
		{4E555AA6-B348-41C9-A685-0B76149BBBAF}.Debug VC9|Win32.ActiveCfg = MidiThread Debug VC9|Win32
		{4E555AA6-B348-41C9-A685-0B76149BBBAF}.Debug VC9|Win32.Build.0 = MidiThread Debug VC9|Win32
		{4E555AA6-B348-41C9-A685-0B76149BBBAF}.Release VC9|Win32.ActiveCfg = MidiThread Release VC9|Win32
		{4E555AA6-B348-41C9-A685-0B76149BBBAF}.Release VC9|Win32.Build.0 = MidiThread Release VC9|Win32
		{B4B4240D-7022-4C47-838F-913B4878E938}.Debug VC9|Win32.ActiveCfg = MidiThru Debug VC9|Win32
		{B4B4240D-7022-4C47-838F-913B4878E938}.Debug VC9|Win32.Build.0 = MidiThru Debug VC9|Win32
		{B4B4240D-7022-4C47-838F-913B4878E938}.Release VC9|Win32.ActiveCfg = MidiThru Release VC9|Win32
		{B4B4240D-7022-4C47-838F-913B4878E938}.Release VC9|Win32.Build.0 = MidiThru Release VC9|Win32
		{300F59F8-5E94-492B-A899-0EB2B1140E20}.Debug VC9|Win32.ActiveCfg = Sysex Debug VC9|Win32
		{300F59F8-5E94-492B-A899-0EB2B1140E20}.Debug VC9|Win32.Build.0 = Sysex Debug VC9|Win32
		{300F59F8-5E94-492B-A899-0EB2B1140E20}.Release VC9|Win32.ActiveCfg = Sysex Release VC9|Win32
		{300F59F8-5E94-492B-A899-0EB2B1140E20}.Release VC9|Win32.Build.0 = Sysex Release VC9|Win32
		{49FA3196-A8F8-4E22-98C3-F3A5197CD06D}.Debug VC9|Win32.ActiveCfg = Test Debug VC9|Win32
		{49FA3196-A8F8-4E22-98C3-F3A5197CD06D}.Debug VC9|Win32.Build.0 = Test Debug VC9|Win32
		{49FA3196-A8F8-4E22-98C3-F3A5197CD06D}.Release VC9|Win32.ActiveCfg = Test Release VC9|Win32
		{49FA3196-A8F8-4E22-98C3-F3A5197CD06D}.Release VC9|Win32.Build.0 = Test Release VC9|Win32
		{8C30CCF4-0D5F-4CC0-9EF3-76D491B829DF}.Debug VC9|Win32.ActiveCfg = QTest Debug VC9|Win32
		{8C30CCF4-0D5F-4CC0-9EF3-76D491B829DF}.Debug VC9|Win32.Build.0 = QTest Debug VC9|Win32
		{8C30CCF4-0D5F-4CC0-9EF3-76D491B829DF}.Release VC9|Win32.ActiveCfg = QTest Release VC9|Win32
		{8C30CCF4-0D5F-4CC0-9EF3-76D491B829DF}.Release VC9|Win32.Build.0 = QTest Release VC9|Win32
		{2FC1D7B8-E434-4D6F-A50D-AB262C825BCD}.Debug VC9|Win32.ActiveCfg = MidiMonitor Debug VC9|Win32
		{2FC1D7B8-E434-4D6F-A50D-AB262C825BCD}.Debug VC9|Win32.Build.0 = MidiMonitor Debug VC9|Win32
		{2FC1D7B8-E434-4D6F-A50D-AB262C825BCD}.Release VC9|Win32.ActiveCfg = MidiMonitor Release VC9|Win32
		{2FC1D7B8-E434-4D6F-A50D-AB262C825BCD}.Release VC9|Win32.Build.0 = MidiMonitor Release VC9|Win32
	EndGlobalSection
	GlobalSection(SolutionProperties) = preSolution
		HideSolutionNode = FALSE
	EndGlobalSection
EndGlobal
